{
  "name": "test",
  "lockfileVersion": 3,
  "requires": true,
  "packages": {
    "": {
      "dependencies": {
        "intl-tel-input": "^23.1.0"
      }
    },
    "node_modules/intl-tel-input": {
      "version": "23.1.0",
      "resolved": "https://registry.npmjs.org/intl-tel-input/-/intl-tel-input-23.1.0.tgz",
      "integrity": "sha512-xRNtIoHsDjzy+47YD2Idaj4UzJ93O4BbAJipG1bo9y6ufjtW6xekCyWxwcyMuH/KRrMiZ7Ul8RZf2GdBHCeyhQ=="
    }
  }
}
